// !$*UTF8*$!
{
	archiveVersion = 1;
	classes = {
	};
	objectVersion = 55;
	objects = {

/* Begin PBXBuildFile section */
		FFBCE316280799CF0063606A /* AppDelegate.swift in Sources */ = {isa = PBXBuildFile; fileRef = FFBCE315280799CF0063606A /* AppDelegate.swift */; };
		FFBCE318280799CF0063606A /* SceneDelegate.swift in Sources */ = {isa = PBXBuildFile; fileRef = FFBCE317280799CF0063606A /* SceneDelegate.swift */; };
		FFBCE31A280799CF0063606A /* ViewController.swift in Sources */ = {isa = PBXBuildFile; fileRef = FFBCE319280799CF0063606A /* ViewController.swift */; };
		FFBCE31D280799CF0063606A /* Main.storyboard in Resources */ = {isa = PBXBuildFile; fileRef = FFBCE31B280799CF0063606A /* Main.storyboard */; };
		FFBCE31F280799D00063606A /* Assets.xcassets in Resources */ = {isa = PBXBuildFile; fileRef = FFBCE31E280799D00063606A /* Assets.xcassets */; };
		FFBCE322280799D00063606A /* LaunchScreen.storyboard in Resources */ = {isa = PBXBuildFile; fileRef = FFBCE320280799D00063606A /* LaunchScreen.storyboard */; };
		FFBCE32A28079D3C0063606A /* Config.swift in Sources */ = {isa = PBXBuildFile; fileRef = FFBCE32928079D3C0063606A /* Config.swift */; };
		FFBCE32D28079E550063606A /* MainVIewModel.swift in Sources */ = {isa = PBXBuildFile; fileRef = FFBCE32C28079E550063606A /* MainVIewModel.swift */; };
		FFBCE3302807A3B30063606A /* Photo.swift in Sources */ = {isa = PBXBuildFile; fileRef = FFBCE32F2807A3B30063606A /* Photo.swift */; };
		FFBCE33228085CF30063606A /* APIManager.swift in Sources */ = {isa = PBXBuildFile; fileRef = FFBCE33128085CF30063606A /* APIManager.swift */; };
		FFBD839728119E980068EFF4 /* UIImage+Extension.swift in Sources */ = {isa = PBXBuildFile; fileRef = FFBD839628119E980068EFF4 /* UIImage+Extension.swift */; };
		FFD0B50E280A842E00EFC448 /* Gallery_DispatchQueueTests.swift in Sources */ = {isa = PBXBuildFile; fileRef = FFD0B50D280A842E00EFC448 /* Gallery_DispatchQueueTests.swift */; };
		FFD0B515280A849100EFC448 /* APITest.swift in Sources */ = {isa = PBXBuildFile; fileRef = FFD0B514280A849100EFC448 /* APITest.swift */; };
		FFD0B517280A9CDB00EFC448 /* PhotoLoader.swift in Sources */ = {isa = PBXBuildFile; fileRef = FFD0B516280A9CDB00EFC448 /* PhotoLoader.swift */; };
		FFD39C0D280C1A0B00D3E034 /* CollectionViewCell.swift in Sources */ = {isa = PBXBuildFile; fileRef = FFD39C0B280C1A0B00D3E034 /* CollectionViewCell.swift */; };
		FFD39C0E280C1A0B00D3E034 /* CollectionViewCell.xib in Resources */ = {isa = PBXBuildFile; fileRef = FFD39C0C280C1A0B00D3E034 /* CollectionViewCell.xib */; };
/* End PBXBuildFile section */

/* Begin PBXContainerItemProxy section */
		FFD0B50F280A842E00EFC448 /* PBXContainerItemProxy */ = {
			isa = PBXContainerItemProxy;
			containerPortal = FFBCE30A280799CE0063606A /* Project object */;
			proxyType = 1;
			remoteGlobalIDString = FFBCE311280799CF0063606A;
			remoteInfo = Gallery_DispatchQueue;
		};
/* End PBXContainerItemProxy section */

/* Begin PBXFileReference section */
		FFBCE312280799CF0063606A /* Gallery_DispatchQueue.app */ = {isa = PBXFileReference; explicitFileType = wrapper.application; includeInIndex = 0; path = Gallery_DispatchQueue.app; sourceTree = BUILT_PRODUCTS_DIR; };
		FFBCE315280799CF0063606A /* AppDelegate.swift */ = {isa = PBXFileReference; lastKnownFileType = sourcecode.swift; path = AppDelegate.swift; sourceTree = "<group>"; };
		FFBCE317280799CF0063606A /* SceneDelegate.swift */ = {isa = PBXFileReference; lastKnownFileType = sourcecode.swift; path = SceneDelegate.swift; sourceTree = "<group>"; };
		FFBCE319280799CF0063606A /* ViewController.swift */ = {isa = PBXFileReference; lastKnownFileType = sourcecode.swift; path = ViewController.swift; sourceTree = "<group>"; };
		FFBCE31C280799CF0063606A /* Base */ = {isa = PBXFileReference; lastKnownFileType = file.storyboard; name = Base; path = Base.lproj/Main.storyboard; sourceTree = "<group>"; };
		FFBCE31E280799D00063606A /* Assets.xcassets */ = {isa = PBXFileReference; lastKnownFileType = folder.assetcatalog; path = Assets.xcassets; sourceTree = "<group>"; };
		FFBCE321280799D00063606A /* Base */ = {isa = PBXFileReference; lastKnownFileType = file.storyboard; name = Base; path = Base.lproj/LaunchScreen.storyboard; sourceTree = "<group>"; };
		FFBCE323280799D00063606A /* Info.plist */ = {isa = PBXFileReference; lastKnownFileType = text.plist.xml; path = Info.plist; sourceTree = "<group>"; };
		FFBCE32928079D3C0063606A /* Config.swift */ = {isa = PBXFileReference; lastKnownFileType = sourcecode.swift; path = Config.swift; sourceTree = "<group>"; };
		FFBCE32C28079E550063606A /* MainVIewModel.swift */ = {isa = PBXFileReference; lastKnownFileType = sourcecode.swift; path = MainVIewModel.swift; sourceTree = "<group>"; };
		FFBCE32F2807A3B30063606A /* Photo.swift */ = {isa = PBXFileReference; lastKnownFileType = sourcecode.swift; path = Photo.swift; sourceTree = "<group>"; };
		FFBCE33128085CF30063606A /* APIManager.swift */ = {isa = PBXFileReference; lastKnownFileType = sourcecode.swift; path = APIManager.swift; sourceTree = "<group>"; };
		FFBD839628119E980068EFF4 /* UIImage+Extension.swift */ = {isa = PBXFileReference; lastKnownFileType = sourcecode.swift; path = "UIImage+Extension.swift"; sourceTree = "<group>"; };
		FFD0B50B280A842E00EFC448 /* Gallery_DispatchQueueTests.xctest */ = {isa = PBXFileReference; explicitFileType = wrapper.cfbundle; includeInIndex = 0; path = Gallery_DispatchQueueTests.xctest; sourceTree = BUILT_PRODUCTS_DIR; };
		FFD0B50D280A842E00EFC448 /* Gallery_DispatchQueueTests.swift */ = {isa = PBXFileReference; lastKnownFileType = sourcecode.swift; path = Gallery_DispatchQueueTests.swift; sourceTree = "<group>"; };
		FFD0B514280A849100EFC448 /* APITest.swift */ = {isa = PBXFileReference; lastKnownFileType = sourcecode.swift; path = APITest.swift; sourceTree = "<group>"; };
		FFD0B516280A9CDB00EFC448 /* PhotoLoader.swift */ = {isa = PBXFileReference; lastKnownFileType = sourcecode.swift; path = PhotoLoader.swift; sourceTree = "<group>"; };
		FFD39C0B280C1A0B00D3E034 /* CollectionViewCell.swift */ = {isa = PBXFileReference; lastKnownFileType = sourcecode.swift; path = CollectionViewCell.swift; sourceTree = "<group>"; };
		FFD39C0C280C1A0B00D3E034 /* CollectionViewCell.xib */ = {isa = PBXFileReference; lastKnownFileType = file.xib; path = CollectionViewCell.xib; sourceTree = "<group>"; };
/* End PBXFileReference section */

/* Begin PBXFrameworksBuildPhase section */
		FFBCE30F280799CF0063606A /* Frameworks */ = {
			isa = PBXFrameworksBuildPhase;
			buildActionMask = 2147483647;
			files = (
			);
			runOnlyForDeploymentPostprocessing = 0;
		};
		FFD0B508280A842E00EFC448 /* Frameworks */ = {
			isa = PBXFrameworksBuildPhase;
			buildActionMask = 2147483647;
			files = (
			);
			runOnlyForDeploymentPostprocessing = 0;
		};
/* End PBXFrameworksBuildPhase section */

/* Begin PBXGroup section */
		FFBCE309280799CE0063606A = {
			isa = PBXGroup;
			children = (
				FFBCE314280799CF0063606A /* Gallery_DispatchQueue */,
				FFD0B50C280A842E00EFC448 /* Gallery_DispatchQueueTests */,
				FFBCE313280799CF0063606A /* Products */,
			);
			sourceTree = "<group>";
		};
		FFBCE313280799CF0063606A /* Products */ = {
			isa = PBXGroup;
			children = (
				FFBCE312280799CF0063606A /* Gallery_DispatchQueue.app */,
				FFD0B50B280A842E00EFC448 /* Gallery_DispatchQueueTests.xctest */,
			);
			name = Products;
			sourceTree = "<group>";
		};
		FFBCE314280799CF0063606A /* Gallery_DispatchQueue */ = {
			isa = PBXGroup;
			children = (
				FFD39C0A280C054C00D3E034 /* View */,
				FFBCE32E2807A3A90063606A /* Model */,
				FFBCE32B28079E350063606A /* ViewModel */,
				FFD0B518280AA45800EFC448 /* Network */,
				FFBCE315280799CF0063606A /* AppDelegate.swift */,
				FFBCE317280799CF0063606A /* SceneDelegate.swift */,
				FFBCE31B280799CF0063606A /* Main.storyboard */,
				FFBCE31E280799D00063606A /* Assets.xcassets */,
				FFBCE320280799D00063606A /* LaunchScreen.storyboard */,
				FFBCE323280799D00063606A /* Info.plist */,
				FFBCE32928079D3C0063606A /* Config.swift */,
				FFBD839628119E980068EFF4 /* UIImage+Extension.swift */,
			);
			path = Gallery_DispatchQueue;
			sourceTree = "<group>";
		};
		FFBCE32B28079E350063606A /* ViewModel */ = {
			isa = PBXGroup;
			children = (
				FFBCE32C28079E550063606A /* MainVIewModel.swift */,
			);
			path = ViewModel;
			sourceTree = "<group>";
		};
		FFBCE32E2807A3A90063606A /* Model */ = {
			isa = PBXGroup;
			children = (
				FFBCE32F2807A3B30063606A /* Photo.swift */,
			);
			path = Model;
			sourceTree = "<group>";
		};
		FFD0B50C280A842E00EFC448 /* Gallery_DispatchQueueTests */ = {
			isa = PBXGroup;
			children = (
				FFD0B514280A849100EFC448 /* APITest.swift */,
				FFD0B50D280A842E00EFC448 /* Gallery_DispatchQueueTests.swift */,
			);
			path = Gallery_DispatchQueueTests;
			sourceTree = "<group>";
		};
		FFD0B518280AA45800EFC448 /* Network */ = {
			isa = PBXGroup;
			children = (
				FFBCE33128085CF30063606A /* APIManager.swift */,
				FFD0B516280A9CDB00EFC448 /* PhotoLoader.swift */,
			);
			path = Network;
			sourceTree = "<group>";
		};
		FFD39C0A280C054C00D3E034 /* View */ = {
			isa = PBXGroup;
			children = (
				FFBCE319280799CF0063606A /* ViewController.swift */,
				FFD39C0B280C1A0B00D3E034 /* CollectionViewCell.swift */,
				FFD39C0C280C1A0B00D3E034 /* CollectionViewCell.xib */,
			);
			path = View;
			sourceTree = "<group>";
		};
/* End PBXGroup section */

/* Begin PBXNativeTarget section */
		FFBCE311280799CF0063606A /* Gallery_DispatchQueue */ = {
			isa = PBXNativeTarget;
			buildConfigurationList = FFBCE326280799D00063606A /* Build configuration list for PBXNativeTarget "Gallery_DispatchQueue" */;
			buildPhases = (
				FFBCE30E280799CF0063606A /* Sources */,
				FFBCE30F280799CF0063606A /* Frameworks */,
				FFBCE310280799CF0063606A /* Resources */,
			);
			buildRules = (
			);
			dependencies = (
			);
			name = Gallery_DispatchQueue;
			productName = Gallery_DispatchQueue;
			productReference = FFBCE312280799CF0063606A /* Gallery_DispatchQueue.app */;
			productType = "com.apple.product-type.application";
		};
		FFD0B50A280A842E00EFC448 /* Gallery_DispatchQueueTests */ = {
			isa = PBXNativeTarget;
			buildConfigurationList = FFD0B513280A842E00EFC448 /* Build configuration list for PBXNativeTarget "Gallery_DispatchQueueTests" */;
			buildPhases = (
				FFD0B507280A842E00EFC448 /* Sources */,
				FFD0B508280A842E00EFC448 /* Frameworks */,
				FFD0B509280A842E00EFC448 /* Resources */,
			);
			buildRules = (
			);
			dependencies = (
				FFD0B510280A842E00EFC448 /* PBXTargetDependency */,
			);
			name = Gallery_DispatchQueueTests;
			productName = Gallery_DispatchQueueTests;
			productReference = FFD0B50B280A842E00EFC448 /* Gallery_DispatchQueueTests.xctest */;
			productType = "com.apple.product-type.bundle.unit-test";
		};
/* End PBXNativeTarget section */

/* Begin PBXProject section */
		FFBCE30A280799CE0063606A /* Project object */ = {
			isa = PBXProject;
			attributes = {
				BuildIndependentTargetsInParallel = 1;
				LastSwiftUpdateCheck = 1320;
				LastUpgradeCheck = 1320;
				TargetAttributes = {
					FFBCE311280799CF0063606A = {
						CreatedOnToolsVersion = 13.2.1;
					};
					FFD0B50A280A842E00EFC448 = {
						CreatedOnToolsVersion = 13.2.1;
						TestTargetID = FFBCE311280799CF0063606A;
					};
				};
			};
			buildConfigurationList = FFBCE30D280799CE0063606A /* Build configuration list for PBXProject "Gallery_DispatchQueue" */;
			compatibilityVersion = "Xcode 13.0";
			developmentRegion = en;
			hasScannedForEncodings = 0;
			knownRegions = (
				en,
				Base,
			);
			mainGroup = FFBCE309280799CE0063606A;
			productRefGroup = FFBCE313280799CF0063606A /* Products */;
			projectDirPath = "";
			projectRoot = "";
			targets = (
				FFBCE311280799CF0063606A /* Gallery_DispatchQueue */,
				FFD0B50A280A842E00EFC448 /* Gallery_DispatchQueueTests */,
			);
		};
/* End PBXProject section */

/* Begin PBXResourcesBuildPhase section */
		FFBCE310280799CF0063606A /* Resources */ = {
			isa = PBXResourcesBuildPhase;
			buildActionMask = 2147483647;
			files = (
				FFBCE322280799D00063606A /* LaunchScreen.storyboard in Resources */,
				FFBCE31F280799D00063606A /* Assets.xcassets in Resources */,
				FFD39C0E280C1A0B00D3E034 /* CollectionViewCell.xib in Resources */,
				FFBCE31D280799CF0063606A /* Main.storyboard in Resources */,
			);
			runOnlyForDeploymentPostprocessing = 0;
		};
		FFD0B509280A842E00EFC448 /* Resources */ = {
			isa = PBXResourcesBuildPhase;
			buildActionMask = 2147483647;
			files = (
			);
			runOnlyForDeploymentPostprocessing = 0;
		};
/* End PBXResourcesBuildPhase section */

/* Begin PBXSourcesBuildPhase section */
		FFBCE30E280799CF0063606A /* Sources */ = {
			isa = PBXSourcesBuildPhase;
			buildActionMask = 2147483647;
			files = (
				FFBCE3302807A3B30063606A /* Photo.swift in Sources */,
				FFBCE31A280799CF0063606A /* ViewController.swift in Sources */,
				FFD39C0D280C1A0B00D3E034 /* CollectionViewCell.swift in Sources */,
				FFBCE316280799CF0063606A /* AppDelegate.swift in Sources */,
				FFBCE32D28079E550063606A /* MainVIewModel.swift in Sources */,
				FFBCE32A28079D3C0063606A /* Config.swift in Sources */,
				FFD0B517280A9CDB00EFC448 /* PhotoLoader.swift in Sources */,
				FFBD839728119E980068EFF4 /* UIImage+Extension.swift in Sources */,
				FFBCE318280799CF0063606A /* SceneDelegate.swift in Sources */,
				FFBCE33228085CF30063606A /* APIManager.swift in Sources */,
			);
			runOnlyForDeploymentPostprocessing = 0;
		};
		FFD0B507280A842E00EFC448 /* Sources */ = {
			isa = PBXSourcesBuildPhase;
			buildActionMask = 2147483647;
			files = (
				FFD0B515280A849100EFC448 /* APITest.swift in Sources */,
				FFD0B50E280A842E00EFC448 /* Gallery_DispatchQueueTests.swift in Sources */,
			);
			runOnlyForDeploymentPostprocessing = 0;
		};
/* End PBXSourcesBuildPhase section */

/* Begin PBXTargetDependency section */
		FFD0B510280A842E00EFC448 /* PBXTargetDependency */ = {
			isa = PBXTargetDependency;
			target = FFBCE311280799CF0063606A /* Gallery_DispatchQueue */;
			targetProxy = FFD0B50F280A842E00EFC448 /* PBXContainerItemProxy */;
		};
/* End PBXTargetDependency section */

/* Begin PBXVariantGroup section */
		FFBCE31B280799CF0063606A /* Main.storyboard */ = {
			isa = PBXVariantGroup;
			children = (
				FFBCE31C280799CF0063606A /* Base */,
			);
			name = Main.storyboard;
			sourceTree = "<group>";
		};
		FFBCE320280799D00063606A /* LaunchScreen.storyboard */ = {
			isa = PBXVariantGroup;
			children = (
				FFBCE321280799D00063606A /* Base */,
			);
			name = LaunchScreen.storyboard;
			sourceTree = "<group>";
		};
/* End PBXVariantGroup section */

/* Begin XCBuildConfiguration section */
		FFBCE324280799D00063606A /* Debug */ = {
			isa = XCBuildConfiguration;
			buildSettings = {
				ALWAYS_SEARCH_USER_PATHS = NO;
				CLANG_ANALYZER_NONNULL = YES;
				CLANG_ANALYZER_NUMBER_OBJECT_CONVERSION = YES_AGGRESSIVE;
				CLANG_CXX_LANGUAGE_STANDARD = "gnu++17";
				CLANG_CXX_LIBRARY = "libc++";
				CLANG_ENABLE_MODULES = YES;
				CLANG_ENABLE_OBJC_ARC = YES;
				CLANG_ENABLE_OBJC_WEAK = YES;
				CLANG_WARN_BLOCK_CAPTURE_AUTORELEASING = YES;
				CLANG_WARN_BOOL_CONVERSION = YES;
				CLANG_WARN_COMMA = YES;
				CLANG_WARN_CONSTANT_CONVERSION = YES;
				CLANG_WARN_DEPRECATED_OBJC_IMPLEMENTATIONS = YES;
				CLANG_WARN_DIRECT_OBJC_ISA_USAGE = YES_ERROR;
				CLANG_WARN_DOCUMENTATION_COMMENTS = YES;
				CLANG_WARN_EMPTY_BODY = YES;
				CLANG_WARN_ENUM_CONVERSION = YES;
				CLANG_WARN_INFINITE_RECURSION = YES;
				CLANG_WARN_INT_CONVERSION = YES;
				CLANG_WARN_NON_LITERAL_NULL_CONVERSION = YES;
				CLANG_WARN_OBJC_IMPLICIT_RETAIN_SELF = YES;
				CLANG_WARN_OBJC_LITERAL_CONVERSION = YES;
				CLANG_WARN_OBJC_ROOT_CLASS = YES_ERROR;
				CLANG_WARN_QUOTED_INCLUDE_IN_FRAMEWORK_HEADER = YES;
				CLANG_WARN_RANGE_LOOP_ANALYSIS = YES;
				CLANG_WARN_STRICT_PROTOTYPES = YES;
				CLANG_WARN_SUSPICIOUS_MOVE = YES;
				CLANG_WARN_UNGUARDED_AVAILABILITY = YES_AGGRESSIVE;
				CLANG_WARN_UNREACHABLE_CODE = YES;
				CLANG_WARN__DUPLICATE_METHOD_MATCH = YES;
				COPY_PHASE_STRIP = NO;
				DEBUG_INFORMATION_FORMAT = dwarf;
				ENABLE_STRICT_OBJC_MSGSEND = YES;
				ENABLE_TESTABILITY = YES;
				GCC_C_LANGUAGE_STANDARD = gnu11;
				GCC_DYNAMIC_NO_PIC = NO;
				GCC_NO_COMMON_BLOCKS = YES;
				GCC_OPTIMIZATION_LEVEL = 0;
				GCC_PREPROCESSOR_DEFINITIONS = (
					"DEBUG=1",
					"$(inherited)",
				);
				GCC_WARN_64_TO_32_BIT_CONVERSION = YES;
				GCC_WARN_ABOUT_RETURN_TYPE = YES_ERROR;
				GCC_WARN_UNDECLARED_SELECTOR = YES;
				GCC_WARN_UNINITIALIZED_AUTOS = YES_AGGRESSIVE;
				GCC_WARN_UNUSED_FUNCTION = YES;
				GCC_WARN_UNUSED_VARIABLE = YES;
				IPHONEOS_DEPLOYMENT_TARGET = 15.2;
				MTL_ENABLE_DEBUG_INFO = INCLUDE_SOURCE;
				MTL_FAST_MATH = YES;
				ONLY_ACTIVE_ARCH = YES;
				SDKROOT = iphoneos;
				SWIFT_ACTIVE_COMPILATION_CONDITIONS = DEBUG;
				SWIFT_OPTIMIZATION_LEVEL = "-Onone";
			};
			name = Debug;
		};
		FFBCE325280799D00063606A /* Release */ = {
			isa = XCBuildConfiguration;
			buildSettings = {
				ALWAYS_SEARCH_USER_PATHS = NO;
				CLANG_ANALYZER_NONNULL = YES;
				CLANG_ANALYZER_NUMBER_OBJECT_CONVERSION = YES_AGGRESSIVE;
				CLANG_CXX_LANGUAGE_STANDARD = "gnu++17";
				CLANG_CXX_LIBRARY = "libc++";
				CLANG_ENABLE_MODULES = YES;
				CLANG_ENABLE_OBJC_ARC = YES;
				CLANG_ENABLE_OBJC_WEAK = YES;
				CLANG_WARN_BLOCK_CAPTURE_AUTORELEASING = YES;
				CLANG_WARN_BOOL_CONVERSION = YES;
				CLANG_WARN_COMMA = YES;
				CLANG_WARN_CONSTANT_CONVERSION = YES;
				CLANG_WARN_DEPRECATED_OBJC_IMPLEMENTATIONS = YES;
				CLANG_WARN_DIRECT_OBJC_ISA_USAGE = YES_ERROR;
				CLANG_WARN_DOCUMENTATION_COMMENTS = YES;
				CLANG_WARN_EMPTY_BODY = YES;
				CLANG_WARN_ENUM_CONVERSION = YES;
				CLANG_WARN_INFINITE_RECURSION = YES;
				CLANG_WARN_INT_CONVERSION = YES;
				CLANG_WARN_NON_LITERAL_NULL_CONVERSION = YES;
				CLANG_WARN_OBJC_IMPLICIT_RETAIN_SELF = YES;
				CLANG_WARN_OBJC_LITERAL_CONVERSION = YES;
				CLANG_WARN_OBJC_ROOT_CLASS = YES_ERROR;
				CLANG_WARN_QUOTED_INCLUDE_IN_FRAMEWORK_HEADER = YES;
				CLANG_WARN_RANGE_LOOP_ANALYSIS = YES;
				CLANG_WARN_STRICT_PROTOTYPES = YES;
				CLANG_WARN_SUSPICIOUS_MOVE = YES;
				CLANG_WARN_UNGUARDED_AVAILABILITY = YES_AGGRESSIVE;
				CLANG_WARN_UNREACHABLE_CODE = YES;
				CLANG_WARN__DUPLICATE_METHOD_MATCH = YES;
				COPY_PHASE_STRIP = NO;
				DEBUG_INFORMATION_FORMAT = "dwarf-with-dsym";
				ENABLE_NS_ASSERTIONS = NO;
				ENABLE_STRICT_OBJC_MSGSEND = YES;
				GCC_C_LANGUAGE_STANDARD = gnu11;
				GCC_NO_COMMON_BLOCKS = YES;
				GCC_WARN_64_TO_32_BIT_CONVERSION = YES;
				GCC_WARN_ABOUT_RETURN_TYPE = YES_ERROR;
				GCC_WARN_UNDECLARED_SELECTOR = YES;
				GCC_WARN_UNINITIALIZED_AUTOS = YES_AGGRESSIVE;
				GCC_WARN_UNUSED_FUNCTION = YES;
				GCC_WARN_UNUSED_VARIABLE = YES;
				IPHONEOS_DEPLOYMENT_TARGET = 15.2;
				MTL_ENABLE_DEBUG_INFO = NO;
				MTL_FAST_MATH = YES;
				SDKROOT = iphoneos;
				SWIFT_COMPILATION_MODE = wholemodule;
				SWIFT_OPTIMIZATION_LEVEL = "-O";
				VALIDATE_PRODUCT = YES;
			};
			name = Release;
		};
		FFBCE327280799D00063606A /* Debug */ = {
			isa = XCBuildConfiguration;
			buildSettings = {
				ASSETCATALOG_COMPILER_APPICON_NAME = AppIcon;
				ASSETCATALOG_COMPILER_GLOBAL_ACCENT_COLOR_NAME = AccentColor;
				CODE_SIGN_STYLE = Automatic;
				CURRENT_PROJECT_VERSION = 1;
				DEVELOPMENT_TEAM = 3L398A7UTZ;
				GENERATE_INFOPLIST_FILE = YES;
				INFOPLIST_FILE = Gallery_DispatchQueue/Info.plist;
				INFOPLIST_KEY_UIApplicationSupportsIndirectInputEvents = YES;
				INFOPLIST_KEY_UILaunchStoryboardName = LaunchScreen;
				INFOPLIST_KEY_UIMainStoryboardFile = Main;
				INFOPLIST_KEY_UISupportedInterfaceOrientations_iPad = "UIInterfaceOrientationPortrait UIInterfaceOrientationPortraitUpsideDown UIInterfaceOrientationLandscapeLeft UIInterfaceOrientationLandscapeRight";
				INFOPLIST_KEY_UISupportedInterfaceOrientations_iPhone = "UIInterfaceOrientationPortrait UIInterfaceOrientationLandscapeLeft UIInterfaceOrientationLandscapeRight";
				LD_RUNPATH_SEARCH_PATHS = (
					"$(inherited)",
					"@executable_path/Frameworks",
				);
				MARKETING_VERSION = 1.0;
				PRODUCT_BUNDLE_IDENTIFIER = "com.dispatchLib.jinha.Gallery-DispatchQueue";
				PRODUCT_NAME = "$(TARGET_NAME)";
				SWIFT_EMIT_LOC_STRINGS = YES;
				SWIFT_VERSION = 5.0;
				TARGETED_DEVICE_FAMILY = "1,2";
			};
			name = Debug;
		};
		FFBCE328280799D00063606A /* Release */ = {
			isa = XCBuildConfiguration;
			buildSettings = {
				ASSETCATALOG_COMPILER_APPICON_NAME = AppIcon;
				ASSETCATALOG_COMPILER_GLOBAL_ACCENT_COLOR_NAME = AccentColor;
				CODE_SIGN_STYLE = Automatic;
				CURRENT_PROJECT_VERSION = 1;
				DEVELOPMENT_TEAM = 3L398A7UTZ;
				GENERATE_INFOPLIST_FILE = YES;
				INFOPLIST_FILE = Gallery_DispatchQueue/Info.plist;
				INFOPLIST_KEY_UIApplicationSupportsIndirectInputEvents = YES;
				INFOPLIST_KEY_UILaunchStoryboardName = LaunchScreen;
				INFOPLIST_KEY_UIMainStoryboardFile = Main;
				INFOPLIST_KEY_UISupportedInterfaceOrientations_iPad = "UIInterfaceOrientationPortrait UIInterfaceOrientationPortraitUpsideDown UIInterfaceOrientationLandscapeLeft UIInterfaceOrientationLandscapeRight";
				INFOPLIST_KEY_UISupportedInterfaceOrientations_iPhone = "UIInterfaceOrientationPortrait UIInterfaceOrientationLandscapeLeft UIInterfaceOrientationLandscapeRight";
				LD_RUNPATH_SEARCH_PATHS = (
					"$(inherited)",
					"@executable_path/Frameworks",
				);
				MARKETING_VERSION = 1.0;
				PRODUCT_BUNDLE_IDENTIFIER = "com.dispatchLib.jinha.Gallery-DispatchQueue";
				PRODUCT_NAME = "$(TARGET_NAME)";
				SWIFT_EMIT_LOC_STRINGS = YES;
				SWIFT_VERSION = 5.0;
				TARGETED_DEVICE_FAMILY = "1,2";
			};
			name = Release;
		};
		FFD0B511280A842E00EFC448 /* Debug */ = {
			isa = XCBuildConfiguration;
			buildSettings = {
				BUNDLE_LOADER = "$(TEST_HOST)";
				CODE_SIGN_STYLE = Automatic;
				CURRENT_PROJECT_VERSION = 1;
				DEVELOPMENT_TEAM = 3L398A7UTZ;
				GENERATE_INFOPLIST_FILE = YES;
				MARKETING_VERSION = 1.0;
				PRODUCT_BUNDLE_IDENTIFIER = "com.dispatchLib.jinha.Gallery-DispatchQueueTests";
				PRODUCT_NAME = "$(TARGET_NAME)";
				SWIFT_EMIT_LOC_STRINGS = NO;
				SWIFT_VERSION = 5.0;
				TARGETED_DEVICE_FAMILY = "1,2";
				TEST_HOST = "$(BUILT_PRODUCTS_DIR)/Gallery_DispatchQueue.app/Gallery_DispatchQueue";
			};
			name = Debug;
		};
		FFD0B512280A842E00EFC448 /* Release */ = {
			isa = XCBuildConfiguration;
			buildSettings = {
				BUNDLE_LOADER = "$(TEST_HOST)";
				CODE_SIGN_STYLE = Automatic;
				CURRENT_PROJECT_VERSION = 1;
				DEVELOPMENT_TEAM = 3L398A7UTZ;
				GENERATE_INFOPLIST_FILE = YES;
				MARKETING_VERSION = 1.0;
				PRODUCT_BUNDLE_IDENTIFIER = "com.dispatchLib.jinha.Gallery-DispatchQueueTests";
				PRODUCT_NAME = "$(TARGET_NAME)";
				SWIFT_EMIT_LOC_STRINGS = NO;
				SWIFT_VERSION = 5.0;
				TARGETED_DEVICE_FAMILY = "1,2";
				TEST_HOST = "$(BUILT_PRODUCTS_DIR)/Gallery_DispatchQueue.app/Gallery_DispatchQueue";
			};
			name = Release;
		};
/* End XCBuildConfiguration section */

/* Begin XCConfigurationList section */
		FFBCE30D280799CE0063606A /* Build configuration list for PBXProject "Gallery_DispatchQueue" */ = {
			isa = XCConfigurationList;
			buildConfigurations = (
				FFBCE324280799D00063606A /* Debug */,
				FFBCE325280799D00063606A /* Release */,
			);
			defaultConfigurationIsVisible = 0;
			defaultConfigurationName = Release;
		};
		FFBCE326280799D00063606A /* Build configuration list for PBXNativeTarget "Gallery_DispatchQueue" */ = {
			isa = XCConfigurationList;
			buildConfigurations = (
				FFBCE327280799D00063606A /* Debug */,
				FFBCE328280799D00063606A /* Release */,
			);
			defaultConfigurationIsVisible = 0;
			defaultConfigurationName = Release;
		};
		FFD0B513280A842E00EFC448 /* Build configuration list for PBXNativeTarget "Gallery_DispatchQueueTests" */ = {
			isa = XCConfigurationList;
			buildConfigurations = (
				FFD0B511280A842E00EFC448 /* Debug */,
				FFD0B512280A842E00EFC448 /* Release */,
			);
			defaultConfigurationIsVisible = 0;
			defaultConfigurationName = Release;
		};
/* End XCConfigurationList section */
	};
	rootObject = FFBCE30A280799CE0063606A /* Project object */;
}
